
Microsoft Visual Studio Solution File, Format Version 12.00
# Visual Studio Version 17
VisualStudioVersion = 17.13.35919.96 d17.13
MinimumVisualStudioVersion = 10.0.40219.1
Project("{FAE04EC0-301F-11D3-BF4B-00C04F79EFBC}") = "DisplayMap", "DisplayMap\DisplayMap.csproj", "{BDC442E1-3301-4392-89E3-DB2CAE5022E3}"
EndProject
Global
	GlobalSection(SolutionConfigurationPlatforms) = preSolution
		Debug|Any CPU = Debug|Any CPU
		Release|Any CPU = Release|Any CPU
	EndGlobalSection
	GlobalSection(ProjectConfigurationPlatforms) = postSolution
		{BDC442E1-3301-4392-89E3-DB2CAE5022E3}.Debug|Any CPU.ActiveCfg = Debug|Any CPU
		{BDC442E1-3301-4392-89E3-DB2CAE5022E3}.Debug|Any CPU.Build.0 = Debug|Any CPU
		{BDC442E1-3301-4392-89E3-DB2CAE5022E3}.Release|Any CPU.ActiveCfg = Release|Any CPU
		{BDC442E1-3301-4392-89E3-DB2CAE5022E3}.Release|Any CPU.Build.0 = Release|Any CPU
	EndGlobalSection
	GlobalSection(SolutionProperties) = preSolution
		HideSolutionNode = FALSE
	EndGlobalSection
	GlobalSection(ExtensibilityGlobals) = postSolution
		SolutionGuid = {F38D293A-29C7-411C-8C25-8376C1778B13}
	EndGlobalSection
EndGlobal
